
Microsoft Visual Studio Solution File, Format Version 12.00
# Visual Studio Version 16
VisualStudioVersion = 16.0.30011.22
MinimumVisualStudioVersion = 10.0.40219.1
Project("{FAE04EC0-301F-11D3-BF4B-00C04F79EFBC}") = "AzureMediaServicesSamples.ConsoleApp", "AzureMediaServicesSamples.ConsoleApp\AzureMediaServicesSamples.ConsoleApp.csproj", "{4EE5D440-93F0-4103-AA23-AE0734F3B37E}"
EndProject
Project("{FAE04EC0-301F-11D3-BF4B-00C04F79EFBC}") = "AzureMediaServicesSamples.SDK", "AzureMediaServicesSamples.SDK\AzureMediaServicesSamples.SDK.csproj", "{C0232D80-761F-4F3C-8E42-58F9061ED5B8}"
EndProject
Global
	GlobalSection(SolutionConfigurationPlatforms) = preSolution
		Debug|Any CPU = Debug|Any CPU
		Release|Any CPU = Release|Any CPU
	EndGlobalSection
	GlobalSection(ProjectConfigurationPlatforms) = postSolution
		{4EE5D440-93F0-4103-AA23-AE0734F3B37E}.Debug|Any CPU.ActiveCfg = Debug|Any CPU
		{4EE5D440-93F0-4103-AA23-AE0734F3B37E}.Debug|Any CPU.Build.0 = Debug|Any CPU
		{4EE5D440-93F0-4103-AA23-AE0734F3B37E}.Release|Any CPU.ActiveCfg = Release|Any CPU
		{4EE5D440-93F0-4103-AA23-AE0734F3B37E}.Release|Any CPU.Build.0 = Release|Any CPU
		{C0232D80-761F-4F3C-8E42-58F9061ED5B8}.Debug|Any CPU.ActiveCfg = Debug|Any CPU
		{C0232D80-761F-4F3C-8E42-58F9061ED5B8}.Debug|Any CPU.Build.0 = Debug|Any CPU
		{C0232D80-761F-4F3C-8E42-58F9061ED5B8}.Release|Any CPU.ActiveCfg = Release|Any CPU
		{C0232D80-761F-4F3C-8E42-58F9061ED5B8}.Release|Any CPU.Build.0 = Release|Any CPU
	EndGlobalSection
	GlobalSection(SolutionProperties) = preSolution
		HideSolutionNode = FALSE
	EndGlobalSection
	GlobalSection(ExtensibilityGlobals) = postSolution
		SolutionGuid = {F69215FA-556E-4E1A-92CE-549C3238FADA}
	EndGlobalSection
EndGlobal
